{
  "name": "cypress-tests",
  "version": "1.0.0",
  "lockfileVersion": 1,
  "requires": true,
  "dependencies": {
    "mocha-teamcity-reporter": {
      "version": "4.1.0",
      "resolved": "https://registry.npmjs.org/mocha-teamcity-reporter/-/mocha-teamcity-reporter-4.1.0.tgz",
      "integrity": "sha512-YAzdXj0Cve4NOvSXGfkCFTFqyLRxLoV1Cqj4lr9uUhesQK+Be3sdyKCRZ7ZcjIXeJSBDWau+jJC5VTq0YOqTBg==",
      "dev": true
    }
  }
}
